
Microsoft Visual Studio Solution File, Format Version 12.00
# Visual Studio 2012
Project("{2150E333-8FDC-42A3-9474-1A3956D46DE8}") = "1.Data(数据层)", "1.Data(数据层)", "{9A48D4F8-BCA8-461E-A729-C4F0EAE23222}"
EndProject
Project("{2150E333-8FDC-42A3-9474-1A3956D46DE8}") = "2.Business(业务层)", "2.Business(业务层)", "{FF426511-2461-4EF5-A32B-9B513511C8A2}"
EndProject
Project("{2150E333-8FDC-42A3-9474-1A3956D46DE8}") = "3.Infrastructure(基础设施层)", "3.Infrastructure(基础设施层)", "{1956475E-E0AC-4497-81DF-B5D6967F494D}"
EndProject
Project("{2150E333-8FDC-42A3-9474-1A3956D46DE8}") = "4.Client(展现层)", "4.Client(展现层)", "{00B8EAD5-E33F-4C58-A720-24E8AB9D8F8D}"
EndProject
Project("{FAE04EC0-301F-11D3-BF4B-00C04F79EFBC}") = "DAL", "DAL\DAL.csproj", "{852047ED-6286-448B-A33A-3587B8A2B393}"
EndProject
Project("{FAE04EC0-301F-11D3-BF4B-00C04F79EFBC}") = "IDAL", "IDAL\IDAL.csproj", "{9151F942-A1D1-4E28-BBB5-A43E4C1E45B5}"
EndProject
Project("{FAE04EC0-301F-11D3-BF4B-00C04F79EFBC}") = "Service", "Service\Service.csproj", "{FF6B8614-798C-476A-ABA5-F281644E5D14}"
EndProject
Project("{FAE04EC0-301F-11D3-BF4B-00C04F79EFBC}") = "IService", "IService\IService.csproj", "{BF3A7588-7156-4582-AB0E-608FF1FF8C9C}"
EndProject
Project("{FAE04EC0-301F-11D3-BF4B-00C04F79EFBC}") = "Entities", "Entities\Entities.csproj", "{26E075D1-A34B-43D2-BA96-F8CD16353115}"
EndProject
Project("{FAE04EC0-301F-11D3-BF4B-00C04F79EFBC}") = "DTO", "DTO\DTO.csproj", "{1B7FF698-9CA9-4FF7-BAD9-CCD6136397C2}"
EndProject
Project("{FAE04EC0-301F-11D3-BF4B-00C04F79EFBC}") = "Common", "Common\Common.csproj", "{8DFAC289-15D2-4619-A45D-E926CE4280A2}"
EndProject
Project("{FAE04EC0-301F-11D3-BF4B-00C04F79EFBC}") = "Mvc", "Mvc\Mvc.csproj", "{81FC6C58-8F0A-4135-BC8D-3C32AC647184}"
EndProject
Project("{FAE04EC0-301F-11D3-BF4B-00C04F79EFBC}") = "MvcAdmin", "MvcAdmin\MvcAdmin.csproj", "{D426CD00-F66E-45DC-AB85-5B0468F0CF81}"
EndProject
Project("{FAE04EC0-301F-11D3-BF4B-00C04F79EFBC}") = "DataMould", "DataMould\DataMould.csproj", "{D00A3611-32F9-4FB9-80BA-7FB3F68F042B}"
EndProject
Project("{FAE04EC0-301F-11D3-BF4B-00C04F79EFBC}") = "DataSeeds", "DataSeeds\DataSeeds.csproj", "{19CD3ADF-17FB-4236-9068-181B9AD0065A}"
EndProject
Global
	GlobalSection(SolutionConfigurationPlatforms) = preSolution
		Debug|Any CPU = Debug|Any CPU
		Release|Any CPU = Release|Any CPU
	EndGlobalSection
	GlobalSection(ProjectConfigurationPlatforms) = postSolution
		{852047ED-6286-448B-A33A-3587B8A2B393}.Debug|Any CPU.ActiveCfg = Debug|Any CPU
		{852047ED-6286-448B-A33A-3587B8A2B393}.Debug|Any CPU.Build.0 = Debug|Any CPU
		{852047ED-6286-448B-A33A-3587B8A2B393}.Release|Any CPU.ActiveCfg = Release|Any CPU
		{852047ED-6286-448B-A33A-3587B8A2B393}.Release|Any CPU.Build.0 = Release|Any CPU
		{9151F942-A1D1-4E28-BBB5-A43E4C1E45B5}.Debug|Any CPU.ActiveCfg = Debug|Any CPU
		{9151F942-A1D1-4E28-BBB5-A43E4C1E45B5}.Debug|Any CPU.Build.0 = Debug|Any CPU
		{9151F942-A1D1-4E28-BBB5-A43E4C1E45B5}.Release|Any CPU.ActiveCfg = Release|Any CPU
		{9151F942-A1D1-4E28-BBB5-A43E4C1E45B5}.Release|Any CPU.Build.0 = Release|Any CPU
		{FF6B8614-798C-476A-ABA5-F281644E5D14}.Debug|Any CPU.ActiveCfg = Debug|Any CPU
		{FF6B8614-798C-476A-ABA5-F281644E5D14}.Debug|Any CPU.Build.0 = Debug|Any CPU
		{FF6B8614-798C-476A-ABA5-F281644E5D14}.Release|Any CPU.ActiveCfg = Release|Any CPU
		{FF6B8614-798C-476A-ABA5-F281644E5D14}.Release|Any CPU.Build.0 = Release|Any CPU
		{BF3A7588-7156-4582-AB0E-608FF1FF8C9C}.Debug|Any CPU.ActiveCfg = Debug|Any CPU
		{BF3A7588-7156-4582-AB0E-608FF1FF8C9C}.Debug|Any CPU.Build.0 = Debug|Any CPU
		{BF3A7588-7156-4582-AB0E-608FF1FF8C9C}.Release|Any CPU.ActiveCfg = Release|Any CPU
		{BF3A7588-7156-4582-AB0E-608FF1FF8C9C}.Release|Any CPU.Build.0 = Release|Any CPU
		{26E075D1-A34B-43D2-BA96-F8CD16353115}.Debug|Any CPU.ActiveCfg = Debug|Any CPU
		{26E075D1-A34B-43D2-BA96-F8CD16353115}.Debug|Any CPU.Build.0 = Debug|Any CPU
		{26E075D1-A34B-43D2-BA96-F8CD16353115}.Release|Any CPU.ActiveCfg = Release|Any CPU
		{26E075D1-A34B-43D2-BA96-F8CD16353115}.Release|Any CPU.Build.0 = Release|Any CPU
		{1B7FF698-9CA9-4FF7-BAD9-CCD6136397C2}.Debug|Any CPU.ActiveCfg = Debug|Any CPU
		{1B7FF698-9CA9-4FF7-BAD9-CCD6136397C2}.Debug|Any CPU.Build.0 = Debug|Any CPU
		{1B7FF698-9CA9-4FF7-BAD9-CCD6136397C2}.Release|Any CPU.ActiveCfg = Release|Any CPU
		{1B7FF698-9CA9-4FF7-BAD9-CCD6136397C2}.Release|Any CPU.Build.0 = Release|Any CPU
		{8DFAC289-15D2-4619-A45D-E926CE4280A2}.Debug|Any CPU.ActiveCfg = Debug|Any CPU
		{8DFAC289-15D2-4619-A45D-E926CE4280A2}.Debug|Any CPU.Build.0 = Debug|Any CPU
		{8DFAC289-15D2-4619-A45D-E926CE4280A2}.Debug|Any CPU.Deploy.0 = Debug|Any CPU
		{8DFAC289-15D2-4619-A45D-E926CE4280A2}.Release|Any CPU.ActiveCfg = Release|Any CPU
		{8DFAC289-15D2-4619-A45D-E926CE4280A2}.Release|Any CPU.Build.0 = Release|Any CPU
		{81FC6C58-8F0A-4135-BC8D-3C32AC647184}.Debug|Any CPU.ActiveCfg = Debug|Any CPU
		{81FC6C58-8F0A-4135-BC8D-3C32AC647184}.Debug|Any CPU.Build.0 = Debug|Any CPU
		{81FC6C58-8F0A-4135-BC8D-3C32AC647184}.Release|Any CPU.ActiveCfg = Release|Any CPU
		{81FC6C58-8F0A-4135-BC8D-3C32AC647184}.Release|Any CPU.Build.0 = Release|Any CPU
		{D426CD00-F66E-45DC-AB85-5B0468F0CF81}.Debug|Any CPU.ActiveCfg = Debug|Any CPU
		{D426CD00-F66E-45DC-AB85-5B0468F0CF81}.Debug|Any CPU.Build.0 = Debug|Any CPU
		{D426CD00-F66E-45DC-AB85-5B0468F0CF81}.Release|Any CPU.ActiveCfg = Release|Any CPU
		{D426CD00-F66E-45DC-AB85-5B0468F0CF81}.Release|Any CPU.Build.0 = Release|Any CPU
		{D00A3611-32F9-4FB9-80BA-7FB3F68F042B}.Debug|Any CPU.ActiveCfg = Debug|Any CPU
		{D00A3611-32F9-4FB9-80BA-7FB3F68F042B}.Debug|Any CPU.Build.0 = Debug|Any CPU
		{D00A3611-32F9-4FB9-80BA-7FB3F68F042B}.Release|Any CPU.ActiveCfg = Release|Any CPU
		{D00A3611-32F9-4FB9-80BA-7FB3F68F042B}.Release|Any CPU.Build.0 = Release|Any CPU
		{19CD3ADF-17FB-4236-9068-181B9AD0065A}.Debug|Any CPU.ActiveCfg = Debug|Any CPU
		{19CD3ADF-17FB-4236-9068-181B9AD0065A}.Debug|Any CPU.Build.0 = Debug|Any CPU
		{19CD3ADF-17FB-4236-9068-181B9AD0065A}.Release|Any CPU.ActiveCfg = Release|Any CPU
		{19CD3ADF-17FB-4236-9068-181B9AD0065A}.Release|Any CPU.Build.0 = Release|Any CPU
	EndGlobalSection
	GlobalSection(SolutionProperties) = preSolution
		HideSolutionNode = FALSE
	EndGlobalSection
	GlobalSection(NestedProjects) = preSolution
		{852047ED-6286-448B-A33A-3587B8A2B393} = {9A48D4F8-BCA8-461E-A729-C4F0EAE23222}
		{9151F942-A1D1-4E28-BBB5-A43E4C1E45B5} = {9A48D4F8-BCA8-461E-A729-C4F0EAE23222}
		{FF6B8614-798C-476A-ABA5-F281644E5D14} = {FF426511-2461-4EF5-A32B-9B513511C8A2}
		{BF3A7588-7156-4582-AB0E-608FF1FF8C9C} = {FF426511-2461-4EF5-A32B-9B513511C8A2}
		{26E075D1-A34B-43D2-BA96-F8CD16353115} = {1956475E-E0AC-4497-81DF-B5D6967F494D}
		{1B7FF698-9CA9-4FF7-BAD9-CCD6136397C2} = {1956475E-E0AC-4497-81DF-B5D6967F494D}
		{8DFAC289-15D2-4619-A45D-E926CE4280A2} = {1956475E-E0AC-4497-81DF-B5D6967F494D}
		{D00A3611-32F9-4FB9-80BA-7FB3F68F042B} = {1956475E-E0AC-4497-81DF-B5D6967F494D}
		{19CD3ADF-17FB-4236-9068-181B9AD0065A} = {1956475E-E0AC-4497-81DF-B5D6967F494D}
		{81FC6C58-8F0A-4135-BC8D-3C32AC647184} = {00B8EAD5-E33F-4C58-A720-24E8AB9D8F8D}
		{D426CD00-F66E-45DC-AB85-5B0468F0CF81} = {00B8EAD5-E33F-4C58-A720-24E8AB9D8F8D}
	EndGlobalSection
EndGlobal
